{
  "name": "blindpool",
  "lockfileVersion": 2,
  "requires": true,
  "packages": {
    "": {
      "name": "blindpool",
      "workspaces": [
        "blindpool-common"
      ]
    },
    "blindpool-common": {
      "dependencies": {
        "class-validator": "^0.13.2"
      },
      "devDependencies": {
        "@types/node": "^18.11.17",
        "typescript": "^4.9.4"
      }
    },
    "blindpool-common/node_modules/@types/node": {
      "version": "18.11.17",
      "dev": true,
      "license": "MIT"
    },
    "blindpool-common/node_modules/class-validator": {
      "version": "0.13.2",
      "license": "MIT",
      "dependencies": {
        "libphonenumber-js": "^1.9.43",
        "validator": "^13.7.0"
      }
    },
    "blindpool-common/node_modules/libphonenumber-js": {
      "version": "1.10.15",
      "license": "MIT"
    },
    "blindpool-common/node_modules/typescript": {
      "version": "4.9.4",
      "dev": true,
      "license": "Apache-2.0",
      "bin": {
        "tsc": "bin/tsc",
        "tsserver": "bin/tsserver"
      },
      "engines": {
        "node": ">=4.2.0"
      }
    },
    "blindpool-common/node_modules/validator": {
      "version": "13.7.0",
      "license": "MIT",
      "engines": {
        "node": ">= 0.10"
      }
    },
    "node_modules/blindpool-common": {
      "resolved": "blindpool-common",
      "link": true
    }
  },
  "dependencies": {
    "blindpool-common": {
      "version": "file:blindpool-common",
      "requires": {
        "@types/node": "^18.11.17",
        "class-validator": "^0.13.2",
        "typescript": "^4.9.4"
      },
      "dependencies": {
        "@types/node": {
          "version": "18.11.17",
          "dev": true
        },
        "class-validator": {
          "version": "0.13.2",
          "requires": {
            "libphonenumber-js": "^1.9.43",
            "validator": "^13.7.0"
          }
        },
        "libphonenumber-js": {
          "version": "1.10.15"
        },
        "typescript": {
          "version": "4.9.4",
          "dev": true
        },
        "validator": {
          "version": "13.7.0"
        }
      }
    }
  }
}
